<?xml version="1.0" encoding="utf-8"?>
<Project ToolsVersion="4.0" xmlns="http://schemas.microsoft.com/developer/msbuild/2003">
  <ItemGroup>
    <Filter Include="Source Files">
      <UniqueIdentifier>{4FC737F1-C7A5-4376-A066-2A32D752A2FF}</UniqueIdentifier>
      <Extensions>cpp;c;cc;cxx;def;odl;idl;hpj;bat;asm;asmx</Extensions>
    </Filter>
    <Filter Include="Header Files">
      <UniqueIdentifier>{93995380-89BD-4b04-88EB-625FBE52EBFB}</UniqueIdentifier>
      <Extensions>h;hh;hpp;hxx;hm;inl;inc;xsd</Extensions>
    </Filter>
    <Filter Include="Resource Files">
      <UniqueIdentifier>{67DA6AB6-F800-4c08-8B7A-83BB121AAD01}</UniqueIdentifier>
      <Extensions>rc;ico;cur;bmp;dlg;rc2;rct;bin;rgs;gif;jpg;jpeg;jpe;resx;tiff;tif;png;wav;mfcribbon-ms</Extensions>
    </Filter>
    <Filter Include="FibonacciSequence">
      <UniqueIdentifier>{df8fc66f-264b-4217-8c42-26359c1bbcfa}</UniqueIdentifier>
    </Filter>
    <Filter Include="BinomialCoefficients">
      <UniqueIdentifier>{ce4b16f8-b26d-4b04-a536-27bacdd41774}</UniqueIdentifier>
    </Filter>
    <Filter Include="EditDistance">
      <UniqueIdentifier>{4d158019-7dcf-467e-88b8-2d5e25629d8c}</UniqueIdentifier>
    </Filter>
    <Filter Include="LongestIncreasingSubsequence">
      <UniqueIdentifier>{e724fb43-40ea-4aed-9469-e5280d080552}</UniqueIdentifier>
    </Filter>
    <Filter Include="PartitionProblem">
      <UniqueIdentifier>{584a030e-614a-4e76-889f-49d04e833ea3}</UniqueIdentifier>
    </Filter>
    <Filter Include="LongestCommonSubstring">
      <UniqueIdentifier>{cd46577b-1808-460d-a723-e8d9832935b5}</UniqueIdentifier>
    </Filter>
    <Filter Include="LongestCommonSubsequence">
      <UniqueIdentifier>{551610e8-1fb4-4d43-928d-2cd20cbcbc87}</UniqueIdentifier>
    </Filter>
    <Filter Include="CoinChange">
      <UniqueIdentifier>{19304bb6-b2d4-45a4-9fff-067708b0759a}</UniqueIdentifier>
    </Filter>
    <Filter Include="MinCoinChange">
      <UniqueIdentifier>{50384943-f0ee-4cca-bec6-441fdb7acf48}</UniqueIdentifier>
    </Filter>
  </ItemGroup>
  <ItemGroup>
    <Text Include="ReadMe.txt" />
  </ItemGroup>
  <ItemGroup>
    <ClInclude Include="stdafx.h">
      <Filter>Header Files</Filter>
    </ClInclude>
    <ClInclude Include="targetver.h">
      <Filter>Header Files</Filter>
    </ClInclude>
    <ClInclude Include="TestFibonacci.h">
      <Filter>FibonacciSequence</Filter>
    </ClInclude>
    <ClInclude Include="Fibonacci.h">
      <Filter>FibonacciSequence</Filter>
    </ClInclude>
    <ClInclude Include="BinomialCoefficient.h">
      <Filter>BinomialCoefficients</Filter>
    </ClInclude>
    <ClInclude Include="BinCoTest.h">
      <Filter>BinomialCoefficients</Filter>
    </ClInclude>
    <ClInclude Include="EditDistance.h">
      <Filter>EditDistance</Filter>
    </ClInclude>
    <ClInclude Include="EditDistanceTest.h">
      <Filter>EditDistance</Filter>
    </ClInclude>
    <ClInclude Include="LongestIncreasingSubsequence.h">
      <Filter>LongestIncreasingSubsequence</Filter>
    </ClInclude>
    <ClInclude Include="LISTest.h">
      <Filter>LongestIncreasingSubsequence</Filter>
    </ClInclude>
    <ClInclude Include="PartitionProblem.h">
      <Filter>PartitionProblem</Filter>
    </ClInclude>
    <ClInclude Include="PartitionTest.h">
      <Filter>PartitionProblem</Filter>
    </ClInclude>
    <ClInclude Include="LongestCommonSubstring.h">
      <Filter>LongestCommonSubstring</Filter>
    </ClInclude>
    <ClInclude Include="LongestCommonSubstringTest.h">
      <Filter>LongestCommonSubstring</Filter>
    </ClInclude>
    <ClInclude Include="LongestCommonSubsequence.h">
      <Filter>LongestCommonSubsequence</Filter>
    </ClInclude>
    <ClInclude Include="LCSTest.h">
      <Filter>LongestCommonSubsequence</Filter>
    </ClInclude>
    <ClInclude Include="CoinChange.h">
      <Filter>CoinChange</Filter>
    </ClInclude>
    <ClInclude Include="CoinChangeTest.h">
      <Filter>CoinChange</Filter>
    </ClInclude>
    <ClInclude Include="min_coin_change.h">
      <Filter>MinCoinChange</Filter>
    </ClInclude>
    <ClInclude Include="min_coin_tests.h">
      <Filter>MinCoinChange</Filter>
    </ClInclude>
  </ItemGroup>
  <ItemGroup>
    <ClCompile Include="stdafx.cpp">
      <Filter>Source Files</Filter>
    </ClCompile>
    <ClCompile Include="DynamicProgramming.cpp">
      <Filter>Source Files</Filter>
    </ClCompile>
    <ClCompile Include="TestFibonacci.cpp">
      <Filter>FibonacciSequence</Filter>
    </ClCompile>
    <ClCompile Include="Fibonacci.cpp">
      <Filter>FibonacciSequence</Filter>
    </ClCompile>
    <ClCompile Include="BinomailCoefficient.cpp">
      <Filter>BinomialCoefficients</Filter>
    </ClCompile>
    <ClCompile Include="BinCoTest.cpp">
      <Filter>BinomialCoefficients</Filter>
    </ClCompile>
    <ClCompile Include="EditDistance.cpp">
      <Filter>EditDistance</Filter>
    </ClCompile>
    <ClCompile Include="EditDistanceTests.cpp">
      <Filter>EditDistance</Filter>
    </ClCompile>
    <ClCompile Include="LongestIncreasingSubsequence.cpp">
      <Filter>LongestIncreasingSubsequence</Filter>
    </ClCompile>
    <ClCompile Include="LISTest.cpp">
      <Filter>LongestIncreasingSubsequence</Filter>
    </ClCompile>
    <ClCompile Include="PartitionProblem.cpp">
      <Filter>PartitionProblem</Filter>
    </ClCompile>
    <ClCompile Include="PartitionTest.cpp">
      <Filter>PartitionProblem</Filter>
    </ClCompile>
    <ClCompile Include="LongestCommonSubstring.cpp">
      <Filter>LongestCommonSubstring</Filter>
    </ClCompile>
    <ClCompile Include="LongestCommonSubstringTest.cpp">
      <Filter>LongestCommonSubstring</Filter>
    </ClCompile>
    <ClCompile Include="LongestCommonSubsequence.cpp">
      <Filter>LongestCommonSubsequence</Filter>
    </ClCompile>
    <ClCompile Include="LCSTest.cpp">
      <Filter>LongestCommonSubsequence</Filter>
    </ClCompile>
    <ClCompile Include="CoinChange.cpp">
      <Filter>CoinChange</Filter>
    </ClCompile>
    <ClCompile Include="CoinChangeTest.cpp">
      <Filter>CoinChange</Filter>
    </ClCompile>
    <ClCompile Include="min_coin_change.cpp">
      <Filter>MinCoinChange</Filter>
    </ClCompile>
    <ClCompile Include="min_coin_tests.cpp">
      <Filter>MinCoinChange</Filter>
    </ClCompile>
  </ItemGroup>
</Project>